// !$*UTF8*$!
{
	archiveVersion = 1;
	classes = {
	};
	objectVersion = 50;
	objects = {

/* Begin PBXBuildFile section */
		7B0247732414A15B00F92BC9 /* WGKit.framework in Frameworks */ = {isa = PBXBuildFile; fileRef = 7B0247692414A15B00F92BC9 /* WGKit.framework */; };
		7B0247782414A15B00F92BC9 /* WGKitTests.swift in Sources */ = {isa = PBXBuildFile; fileRef = 7B0247772414A15B00F92BC9 /* WGKitTests.swift */; };
		7B02477A2414A15B00F92BC9 /* WGKit.h in Headers */ = {isa = PBXBuildFile; fileRef = 7B02476C2414A15B00F92BC9 /* WGKit.h */; settings = {ATTRIBUTES = (Public, ); }; };
		7B0247892414A1BB00F92BC9 /* TestFrameWorkFile.swift in Sources */ = {isa = PBXBuildFile; fileRef = 7B0247882414A1BB00F92BC9 /* TestFrameWorkFile.swift */; };
		7B02478B2414A36700F92BC9 /* File.swift in Sources */ = {isa = PBXBuildFile; fileRef = 7B02478A2414A36700F92BC9 /* File.swift */; };
/* End PBXBuildFile section */

/* Begin PBXContainerItemProxy section */
		7B0247742414A15B00F92BC9 /* PBXContainerItemProxy */ = {
			isa = PBXContainerItemProxy;
			containerPortal = 7B0247602414A15B00F92BC9 /* Project object */;
			proxyType = 1;
			remoteGlobalIDString = 7B0247682414A15B00F92BC9;
			remoteInfo = WGKit;
		};
/* End PBXContainerItemProxy section */

/* Begin PBXFileReference section */
		7B0247692414A15B00F92BC9 /* WGKit.framework */ = {isa = PBXFileReference; explicitFileType = wrapper.framework; includeInIndex = 0; path = WGKit.framework; sourceTree = BUILT_PRODUCTS_DIR; };
		7B02476C2414A15B00F92BC9 /* WGKit.h */ = {isa = PBXFileReference; lastKnownFileType = sourcecode.c.h; path = WGKit.h; sourceTree = "<group>"; };
		7B02476D2414A15B00F92BC9 /* Info.plist */ = {isa = PBXFileReference; lastKnownFileType = text.plist.xml; path = Info.plist; sourceTree = "<group>"; };
		7B0247722414A15B00F92BC9 /* WGKitTests.xctest */ = {isa = PBXFileReference; explicitFileType = wrapper.cfbundle; includeInIndex = 0; path = WGKitTests.xctest; sourceTree = BUILT_PRODUCTS_DIR; };
		7B0247772414A15B00F92BC9 /* WGKitTests.swift */ = {isa = PBXFileReference; lastKnownFileType = sourcecode.swift; path = WGKitTests.swift; sourceTree = "<group>"; };
		7B0247792414A15B00F92BC9 /* Info.plist */ = {isa = PBXFileReference; lastKnownFileType = text.plist.xml; path = Info.plist; sourceTree = "<group>"; };
		7B0247882414A1BB00F92BC9 /* TestFrameWorkFile.swift */ = {isa = PBXFileReference; lastKnownFileType = sourcecode.swift; path = TestFrameWorkFile.swift; sourceTree = "<group>"; };
		7B02478A2414A36700F92BC9 /* File.swift */ = {isa = PBXFileReference; lastKnownFileType = sourcecode.swift; path = File.swift; sourceTree = "<group>"; };
/* End PBXFileReference section */

/* Begin PBXFrameworksBuildPhase section */
		7B0247662414A15B00F92BC9 /* Frameworks */ = {
			isa = PBXFrameworksBuildPhase;
			buildActionMask = 2147483647;
			files = (
			);
			runOnlyForDeploymentPostprocessing = 0;
		};
		7B02476F2414A15B00F92BC9 /* Frameworks */ = {
			isa = PBXFrameworksBuildPhase;
			buildActionMask = 2147483647;
			files = (
				7B0247732414A15B00F92BC9 /* WGKit.framework in Frameworks */,
			);
			runOnlyForDeploymentPostprocessing = 0;
		};
/* End PBXFrameworksBuildPhase section */

/* Begin PBXGroup section */
		7B02475F2414A15B00F92BC9 = {
			isa = PBXGroup;
			children = (
				7B02476B2414A15B00F92BC9 /* WGKit */,
				7B0247762414A15B00F92BC9 /* WGKitTests */,
				7B02476A2414A15B00F92BC9 /* Products */,
			);
			sourceTree = "<group>";
		};
		7B02476A2414A15B00F92BC9 /* Products */ = {
			isa = PBXGroup;
			children = (
				7B0247692414A15B00F92BC9 /* WGKit.framework */,
				7B0247722414A15B00F92BC9 /* WGKitTests.xctest */,
			);
			name = Products;
			sourceTree = "<group>";
		};
		7B02476B2414A15B00F92BC9 /* WGKit */ = {
			isa = PBXGroup;
			children = (
				7B02476C2414A15B00F92BC9 /* WGKit.h */,
				7B02476D2414A15B00F92BC9 /* Info.plist */,
				7B0247882414A1BB00F92BC9 /* TestFrameWorkFile.swift */,
				7B02478A2414A36700F92BC9 /* File.swift */,
			);
			path = WGKit;
			sourceTree = "<group>";
		};
		7B0247762414A15B00F92BC9 /* WGKitTests */ = {
			isa = PBXGroup;
			children = (
				7B0247772414A15B00F92BC9 /* WGKitTests.swift */,
				7B0247792414A15B00F92BC9 /* Info.plist */,
			);
			path = WGKitTests;
			sourceTree = "<group>";
		};
/* End PBXGroup section */

/* Begin PBXHeadersBuildPhase section */
		7B0247642414A15B00F92BC9 /* Headers */ = {
			isa = PBXHeadersBuildPhase;
			buildActionMask = 2147483647;
			files = (
				7B02477A2414A15B00F92BC9 /* WGKit.h in Headers */,
			);
			runOnlyForDeploymentPostprocessing = 0;
		};
/* End PBXHeadersBuildPhase section */

/* Begin PBXNativeTarget section */
		7B0247682414A15B00F92BC9 /* WGKit */ = {
			isa = PBXNativeTarget;
			buildConfigurationList = 7B02477D2414A15B00F92BC9 /* Build configuration list for PBXNativeTarget "WGKit" */;
			buildPhases = (
				7B0247642414A15B00F92BC9 /* Headers */,
				7B0247652414A15B00F92BC9 /* Sources */,
				7B0247662414A15B00F92BC9 /* Frameworks */,
				7B0247672414A15B00F92BC9 /* Resources */,
			);
			buildRules = (
			);
			dependencies = (
			);
			name = WGKit;
			productName = WGKit;
			productReference = 7B0247692414A15B00F92BC9 /* WGKit.framework */;
			productType = "com.apple.product-type.framework";
		};
		7B0247712414A15B00F92BC9 /* WGKitTests */ = {
			isa = PBXNativeTarget;
			buildConfigurationList = 7B0247802414A15B00F92BC9 /* Build configuration list for PBXNativeTarget "WGKitTests" */;
			buildPhases = (
				7B02476E2414A15B00F92BC9 /* Sources */,
				7B02476F2414A15B00F92BC9 /* Frameworks */,
				7B0247702414A15B00F92BC9 /* Resources */,
			);
			buildRules = (
			);
			dependencies = (
				7B0247752414A15B00F92BC9 /* PBXTargetDependency */,
			);
			name = WGKitTests;
			productName = WGKitTests;
			productReference = 7B0247722414A15B00F92BC9 /* WGKitTests.xctest */;
			productType = "com.apple.product-type.bundle.unit-test";
		};
/* End PBXNativeTarget section */

/* Begin PBXProject section */
		7B0247602414A15B00F92BC9 /* Project object */ = {
			isa = PBXProject;
			attributes = {
				LastSwiftUpdateCheck = 1120;
				LastUpgradeCheck = 1120;
				ORGANIZATIONNAME = onegoon;
				TargetAttributes = {
					7B0247682414A15B00F92BC9 = {
						CreatedOnToolsVersion = 11.2.1;
						LastSwiftMigration = 1120;
					};
					7B0247712414A15B00F92BC9 = {
						CreatedOnToolsVersion = 11.2.1;
					};
				};
			};
			buildConfigurationList = 7B0247632414A15B00F92BC9 /* Build configuration list for PBXProject "WGKit" */;
			compatibilityVersion = "Xcode 9.3";
			developmentRegion = en;
			hasScannedForEncodings = 0;
			knownRegions = (
				en,
				Base,
			);
			mainGroup = 7B02475F2414A15B00F92BC9;
			productRefGroup = 7B02476A2414A15B00F92BC9 /* Products */;
			projectDirPath = "";
			projectRoot = "";
			targets = (
				7B0247682414A15B00F92BC9 /* WGKit */,
				7B0247712414A15B00F92BC9 /* WGKitTests */,
			);
		};
/* End PBXProject section */

/* Begin PBXResourcesBuildPhase section */
		7B0247672414A15B00F92BC9 /* Resources */ = {
			isa = PBXResourcesBuildPhase;
			buildActionMask = 2147483647;
			files = (
			);
			runOnlyForDeploymentPostprocessing = 0;
		};
		7B0247702414A15B00F92BC9 /* Resources */ = {
			isa = PBXResourcesBuildPhase;
			buildActionMask = 2147483647;
			files = (
			);
			runOnlyForDeploymentPostprocessing = 0;
		};
/* End PBXResourcesBuildPhase section */

/* Begin PBXSourcesBuildPhase section */
		7B0247652414A15B00F92BC9 /* Sources */ = {
			isa = PBXSourcesBuildPhase;
			buildActionMask = 2147483647;
			files = (
				7B0247892414A1BB00F92BC9 /* TestFrameWorkFile.swift in Sources */,
				7B02478B2414A36700F92BC9 /* File.swift in Sources */,
			);
			runOnlyForDeploymentPostprocessing = 0;
		};
		7B02476E2414A15B00F92BC9 /* Sources */ = {
			isa = PBXSourcesBuildPhase;
			buildActionMask = 2147483647;
			files = (
				7B0247782414A15B00F92BC9 /* WGKitTests.swift in Sources */,
			);
			runOnlyForDeploymentPostprocessing = 0;
		};
/* End PBXSourcesBuildPhase section */

/* Begin PBXTargetDependency section */
		7B0247752414A15B00F92BC9 /* PBXTargetDependency */ = {
			isa = PBXTargetDependency;
			target = 7B0247682414A15B00F92BC9 /* WGKit */;
			targetProxy = 7B0247742414A15B00F92BC9 /* PBXContainerItemProxy */;
		};
/* End PBXTargetDependency section */

/* Begin XCBuildConfiguration section */
		7B02477B2414A15B00F92BC9 /* Debug */ = {
			isa = XCBuildConfiguration;
			buildSettings = {
				ALWAYS_SEARCH_USER_PATHS = NO;
				CLANG_ANALYZER_NONNULL = YES;
				CLANG_ANALYZER_NUMBER_OBJECT_CONVERSION = YES_AGGRESSIVE;
				CLANG_CXX_LANGUAGE_STANDARD = "gnu++14";
				CLANG_CXX_LIBRARY = "libc++";
				CLANG_ENABLE_MODULES = YES;
				CLANG_ENABLE_OBJC_ARC = YES;
				CLANG_ENABLE_OBJC_WEAK = YES;
				CLANG_WARN_BLOCK_CAPTURE_AUTORELEASING = YES;
				CLANG_WARN_BOOL_CONVERSION = YES;
				CLANG_WARN_COMMA = YES;
				CLANG_WARN_CONSTANT_CONVERSION = YES;
				CLANG_WARN_DEPRECATED_OBJC_IMPLEMENTATIONS = YES;
				CLANG_WARN_DIRECT_OBJC_ISA_USAGE = YES_ERROR;
				CLANG_WARN_DOCUMENTATION_COMMENTS = YES;
				CLANG_WARN_EMPTY_BODY = YES;
				CLANG_WARN_ENUM_CONVERSION = YES;
				CLANG_WARN_INFINITE_RECURSION = YES;
				CLANG_WARN_INT_CONVERSION = YES;
				CLANG_WARN_NON_LITERAL_NULL_CONVERSION = YES;
				CLANG_WARN_OBJC_IMPLICIT_RETAIN_SELF = YES;
				CLANG_WARN_OBJC_LITERAL_CONVERSION = YES;
				CLANG_WARN_OBJC_ROOT_CLASS = YES_ERROR;
				CLANG_WARN_RANGE_LOOP_ANALYSIS = YES;
				CLANG_WARN_STRICT_PROTOTYPES = YES;
				CLANG_WARN_SUSPICIOUS_MOVE = YES;
				CLANG_WARN_UNGUARDED_AVAILABILITY = YES_AGGRESSIVE;
				CLANG_WARN_UNREACHABLE_CODE = YES;
				CLANG_WARN__DUPLICATE_METHOD_MATCH = YES;
				COPY_PHASE_STRIP = NO;
				CURRENT_PROJECT_VERSION = 1;
				DEBUG_INFORMATION_FORMAT = dwarf;
				ENABLE_STRICT_OBJC_MSGSEND = YES;
				ENABLE_TESTABILITY = YES;
				GCC_C_LANGUAGE_STANDARD = gnu11;
				GCC_DYNAMIC_NO_PIC = NO;
				GCC_NO_COMMON_BLOCKS = YES;
				GCC_OPTIMIZATION_LEVEL = 0;
				GCC_PREPROCESSOR_DEFINITIONS = (
					"DEBUG=1",
					"$(inherited)",
				);
				GCC_WARN_64_TO_32_BIT_CONVERSION = YES;
				GCC_WARN_ABOUT_RETURN_TYPE = YES_ERROR;
				GCC_WARN_UNDECLARED_SELECTOR = YES;
				GCC_WARN_UNINITIALIZED_AUTOS = YES_AGGRESSIVE;
				GCC_WARN_UNUSED_FUNCTION = YES;
				GCC_WARN_UNUSED_VARIABLE = YES;
				IPHONEOS_DEPLOYMENT_TARGET = 13.2;
				MTL_ENABLE_DEBUG_INFO = INCLUDE_SOURCE;
				MTL_FAST_MATH = YES;
				ONLY_ACTIVE_ARCH = YES;
				SDKROOT = iphoneos;
				SWIFT_ACTIVE_COMPILATION_CONDITIONS = DEBUG;
				SWIFT_OPTIMIZATION_LEVEL = "-Onone";
				VERSIONING_SYSTEM = "apple-generic";
				VERSION_INFO_PREFIX = "";
			};
			name = Debug;
		};
		7B02477C2414A15B00F92BC9 /* Release */ = {
			isa = XCBuildConfiguration;
			buildSettings = {
				ALWAYS_SEARCH_USER_PATHS = NO;
				CLANG_ANALYZER_NONNULL = YES;
				CLANG_ANALYZER_NUMBER_OBJECT_CONVERSION = YES_AGGRESSIVE;
				CLANG_CXX_LANGUAGE_STANDARD = "gnu++14";
				CLANG_CXX_LIBRARY = "libc++";
				CLANG_ENABLE_MODULES = YES;
				CLANG_ENABLE_OBJC_ARC = YES;
				CLANG_ENABLE_OBJC_WEAK = YES;
				CLANG_WARN_BLOCK_CAPTURE_AUTORELEASING = YES;
				CLANG_WARN_BOOL_CONVERSION = YES;
				CLANG_WARN_COMMA = YES;
				CLANG_WARN_CONSTANT_CONVERSION = YES;
				CLANG_WARN_DEPRECATED_OBJC_IMPLEMENTATIONS = YES;
				CLANG_WARN_DIRECT_OBJC_ISA_USAGE = YES_ERROR;
				CLANG_WARN_DOCUMENTATION_COMMENTS = YES;
				CLANG_WARN_EMPTY_BODY = YES;
				CLANG_WARN_ENUM_CONVERSION = YES;
				CLANG_WARN_INFINITE_RECURSION = YES;
				CLANG_WARN_INT_CONVERSION = YES;
				CLANG_WARN_NON_LITERAL_NULL_CONVERSION = YES;
				CLANG_WARN_OBJC_IMPLICIT_RETAIN_SELF = YES;
				CLANG_WARN_OBJC_LITERAL_CONVERSION = YES;
				CLANG_WARN_OBJC_ROOT_CLASS = YES_ERROR;
				CLANG_WARN_RANGE_LOOP_ANALYSIS = YES;
				CLANG_WARN_STRICT_PROTOTYPES = YES;
				CLANG_WARN_SUSPICIOUS_MOVE = YES;
				CLANG_WARN_UNGUARDED_AVAILABILITY = YES_AGGRESSIVE;
				CLANG_WARN_UNREACHABLE_CODE = YES;
				CLANG_WARN__DUPLICATE_METHOD_MATCH = YES;
				COPY_PHASE_STRIP = NO;
				CURRENT_PROJECT_VERSION = 1;
				DEBUG_INFORMATION_FORMAT = "dwarf-with-dsym";
				ENABLE_NS_ASSERTIONS = NO;
				ENABLE_STRICT_OBJC_MSGSEND = YES;
				GCC_C_LANGUAGE_STANDARD = gnu11;
				GCC_NO_COMMON_BLOCKS = YES;
				GCC_WARN_64_TO_32_BIT_CONVERSION = YES;
				GCC_WARN_ABOUT_RETURN_TYPE = YES_ERROR;
				GCC_WARN_UNDECLARED_SELECTOR = YES;
				GCC_WARN_UNINITIALIZED_AUTOS = YES_AGGRESSIVE;
				GCC_WARN_UNUSED_FUNCTION = YES;
				GCC_WARN_UNUSED_VARIABLE = YES;
				IPHONEOS_DEPLOYMENT_TARGET = 13.2;
				MTL_ENABLE_DEBUG_INFO = NO;
				MTL_FAST_MATH = YES;
				SDKROOT = iphoneos;
				SWIFT_COMPILATION_MODE = wholemodule;
				SWIFT_OPTIMIZATION_LEVEL = "-O";
				VALIDATE_PRODUCT = YES;
				VERSIONING_SYSTEM = "apple-generic";
				VERSION_INFO_PREFIX = "";
			};
			name = Release;
		};
		7B02477E2414A15B00F92BC9 /* Debug */ = {
			isa = XCBuildConfiguration;
			buildSettings = {
				CLANG_ENABLE_MODULES = YES;
				CODE_SIGN_STYLE = Automatic;
				DEFINES_MODULE = YES;
				DEVELOPMENT_TEAM = F97E7L68G7;
				DYLIB_COMPATIBILITY_VERSION = 1;
				DYLIB_CURRENT_VERSION = 1;
				DYLIB_INSTALL_NAME_BASE = "@rpath";
				INFOPLIST_FILE = WGKit/Info.plist;
				INSTALL_PATH = "$(LOCAL_LIBRARY_DIR)/Frameworks";
				IPHONEOS_DEPLOYMENT_TARGET = 9.0;
				LD_RUNPATH_SEARCH_PATHS = (
					"$(inherited)",
					"@executable_path/Frameworks",
					"@loader_path/Frameworks",
				);
				PRODUCT_BUNDLE_IDENTIFIER = com.onegoon.WGKit;
				PRODUCT_NAME = "$(TARGET_NAME:c99extidentifier)";
				SKIP_INSTALL = YES;
				SWIFT_OPTIMIZATION_LEVEL = "-Onone";
				SWIFT_VERSION = 5.0;
				TARGETED_DEVICE_FAMILY = "1,2";
			};
			name = Debug;
		};
		7B02477F2414A15B00F92BC9 /* Release */ = {
			isa = XCBuildConfiguration;
			buildSettings = {
				CLANG_ENABLE_MODULES = YES;
				CODE_SIGN_STYLE = Automatic;
				DEFINES_MODULE = YES;
				DEVELOPMENT_TEAM = F97E7L68G7;
				DYLIB_COMPATIBILITY_VERSION = 1;
				DYLIB_CURRENT_VERSION = 1;
				DYLIB_INSTALL_NAME_BASE = "@rpath";
				INFOPLIST_FILE = WGKit/Info.plist;
				INSTALL_PATH = "$(LOCAL_LIBRARY_DIR)/Frameworks";
				IPHONEOS_DEPLOYMENT_TARGET = 9.0;
				LD_RUNPATH_SEARCH_PATHS = (
					"$(inherited)",
					"@executable_path/Frameworks",
					"@loader_path/Frameworks",
				);
				PRODUCT_BUNDLE_IDENTIFIER = com.onegoon.WGKit;
				PRODUCT_NAME = "$(TARGET_NAME:c99extidentifier)";
				SKIP_INSTALL = YES;
				SWIFT_VERSION = 5.0;
				TARGETED_DEVICE_FAMILY = "1,2";
			};
			name = Release;
		};
		7B0247812414A15B00F92BC9 /* Debug */ = {
			isa = XCBuildConfiguration;
			buildSettings = {
				ALWAYS_EMBED_SWIFT_STANDARD_LIBRARIES = YES;
				CODE_SIGN_STYLE = Automatic;
				DEVELOPMENT_TEAM = F97E7L68G7;
				INFOPLIST_FILE = WGKitTests/Info.plist;
				LD_RUNPATH_SEARCH_PATHS = (
					"$(inherited)",
					"@executable_path/Frameworks",
					"@loader_path/Frameworks",
				);
				PRODUCT_BUNDLE_IDENTIFIER = com.onegoon.WGKitTests;
				PRODUCT_NAME = "$(TARGET_NAME)";
				SWIFT_VERSION = 5.0;
				TARGETED_DEVICE_FAMILY = "1,2";
			};
			name = Debug;
		};
		7B0247822414A15B00F92BC9 /* Release */ = {
			isa = XCBuildConfiguration;
			buildSettings = {
				ALWAYS_EMBED_SWIFT_STANDARD_LIBRARIES = YES;
				CODE_SIGN_STYLE = Automatic;
				DEVELOPMENT_TEAM = F97E7L68G7;
				INFOPLIST_FILE = WGKitTests/Info.plist;
				LD_RUNPATH_SEARCH_PATHS = (
					"$(inherited)",
					"@executable_path/Frameworks",
					"@loader_path/Frameworks",
				);
				PRODUCT_BUNDLE_IDENTIFIER = com.onegoon.WGKitTests;
				PRODUCT_NAME = "$(TARGET_NAME)";
				SWIFT_VERSION = 5.0;
				TARGETED_DEVICE_FAMILY = "1,2";
			};
			name = Release;
		};
/* End XCBuildConfiguration section */

/* Begin XCConfigurationList section */
		7B0247632414A15B00F92BC9 /* Build configuration list for PBXProject "WGKit" */ = {
			isa = XCConfigurationList;
			buildConfigurations = (
				7B02477B2414A15B00F92BC9 /* Debug */,
				7B02477C2414A15B00F92BC9 /* Release */,
			);
			defaultConfigurationIsVisible = 0;
			defaultConfigurationName = Release;
		};
		7B02477D2414A15B00F92BC9 /* Build configuration list for PBXNativeTarget "WGKit" */ = {
			isa = XCConfigurationList;
			buildConfigurations = (
				7B02477E2414A15B00F92BC9 /* Debug */,
				7B02477F2414A15B00F92BC9 /* Release */,
			);
			defaultConfigurationIsVisible = 0;
			defaultConfigurationName = Release;
		};
		7B0247802414A15B00F92BC9 /* Build configuration list for PBXNativeTarget "WGKitTests" */ = {
			isa = XCConfigurationList;
			buildConfigurations = (
				7B0247812414A15B00F92BC9 /* Debug */,
				7B0247822414A15B00F92BC9 /* Release */,
			);
			defaultConfigurationIsVisible = 0;
			defaultConfigurationName = Release;
		};
/* End XCConfigurationList section */
	};
	rootObject = 7B0247602414A15B00F92BC9 /* Project object */;
}
